// !$*UTF8*$!
{
	archiveVersion = 1;
	classes = {
	};
	objectVersion = 56;
	objects = {

/* Begin PBXBuildFile section */
		242D235229C1FDF200C39805 /* LoginViewController.swift in Sources */ = {isa = PBXBuildFile; fileRef = 242D235129C1FDF200C39805 /* LoginViewController.swift */; };
		242D235729C208B500C39805 /* Keys.swift in Sources */ = {isa = PBXBuildFile; fileRef = 242D235629C208B500C39805 /* Keys.swift */; };
		24689AE029C5615200672719 /* DetailController.swift in Sources */ = {isa = PBXBuildFile; fileRef = 24689ADF29C5615200672719 /* DetailController.swift */; };
		24689AEC29C5632C00672719 /* LearnCodeData.xcdatamodeld in Sources */ = {isa = PBXBuildFile; fileRef = 2481568829BF529000022CF9 /* LearnCodeData.xcdatamodeld */; };
		24689AF429C5643400672719 /* Student+CoreDataProperties.swift in Sources */ = {isa = PBXBuildFile; fileRef = 24689AF329C5643400672719 /* Student+CoreDataProperties.swift */; };
		24714BAE29C5660900386A6F /* Student+CoreDataClass.swift in Sources */ = {isa = PBXBuildFile; fileRef = 24714BAD29C5660900386A6F /* Student+CoreDataClass.swift */; };
		24714BAF29C5675E00386A6F /* User.swift in Sources */ = {isa = PBXBuildFile; fileRef = 242D235429C204D500C39805 /* User.swift */; };
		24714BB129C5699600386A6F /* StudentCell.swift in Sources */ = {isa = PBXBuildFile; fileRef = 24714BB029C5699600386A6F /* StudentCell.swift */; };
		2481568029BF529000022CF9 /* AppDelegate.swift in Sources */ = {isa = PBXBuildFile; fileRef = 2481567F29BF529000022CF9 /* AppDelegate.swift */; };
		2481568229BF529000022CF9 /* SceneDelegate.swift in Sources */ = {isa = PBXBuildFile; fileRef = 2481568129BF529000022CF9 /* SceneDelegate.swift */; };
		2481568429BF529000022CF9 /* StudentController.swift in Sources */ = {isa = PBXBuildFile; fileRef = 2481568329BF529000022CF9 /* StudentController.swift */; };
		2481568729BF529000022CF9 /* Main.storyboard in Resources */ = {isa = PBXBuildFile; fileRef = 2481568529BF529000022CF9 /* Main.storyboard */; };
		2481568C29BF529000022CF9 /* Assets.xcassets in Resources */ = {isa = PBXBuildFile; fileRef = 2481568B29BF529000022CF9 /* Assets.xcassets */; };
		2481568F29BF529000022CF9 /* LaunchScreen.storyboard in Resources */ = {isa = PBXBuildFile; fileRef = 2481568D29BF529000022CF9 /* LaunchScreen.storyboard */; };
		2481569929BF5C5000022CF9 /* AddStudentCV.swift in Sources */ = {isa = PBXBuildFile; fileRef = 2481569829BF5C5000022CF9 /* AddStudentCV.swift */; };
		248156A129BF637900022CF9 /* DBManager.swift in Sources */ = {isa = PBXBuildFile; fileRef = 248156A029BF637900022CF9 /* DBManager.swift */; };
		6DE9BAF3C03029B9EF0A08DA /* Pods_LearnCodeData.framework in Frameworks */ = {isa = PBXBuildFile; fileRef = D5A93354411540E7D0FC16CA /* Pods_LearnCodeData.framework */; };
/* End PBXBuildFile section */

/* Begin PBXFileReference section */
		242D235129C1FDF200C39805 /* LoginViewController.swift */ = {isa = PBXFileReference; lastKnownFileType = sourcecode.swift; path = LoginViewController.swift; sourceTree = "<group>"; };
		242D235429C204D500C39805 /* User.swift */ = {isa = PBXFileReference; lastKnownFileType = sourcecode.swift; path = User.swift; sourceTree = "<group>"; };
		242D235629C208B500C39805 /* Keys.swift */ = {isa = PBXFileReference; lastKnownFileType = sourcecode.swift; path = Keys.swift; sourceTree = "<group>"; };
		24689ADF29C5615200672719 /* DetailController.swift */ = {isa = PBXFileReference; lastKnownFileType = sourcecode.swift; path = DetailController.swift; sourceTree = "<group>"; };
		24689AF329C5643400672719 /* Student+CoreDataProperties.swift */ = {isa = PBXFileReference; lastKnownFileType = sourcecode.swift; path = "Student+CoreDataProperties.swift"; sourceTree = SOURCE_ROOT; };
		24714BAD29C5660900386A6F /* Student+CoreDataClass.swift */ = {isa = PBXFileReference; lastKnownFileType = sourcecode.swift; path = "Student+CoreDataClass.swift"; sourceTree = "<group>"; };
		24714BB029C5699600386A6F /* StudentCell.swift */ = {isa = PBXFileReference; lastKnownFileType = sourcecode.swift; path = StudentCell.swift; sourceTree = "<group>"; };
		2481567C29BF529000022CF9 /* LearnCodeData.app */ = {isa = PBXFileReference; explicitFileType = wrapper.application; includeInIndex = 0; path = LearnCodeData.app; sourceTree = BUILT_PRODUCTS_DIR; };
		2481567F29BF529000022CF9 /* AppDelegate.swift */ = {isa = PBXFileReference; lastKnownFileType = sourcecode.swift; path = AppDelegate.swift; sourceTree = "<group>"; };
		2481568129BF529000022CF9 /* SceneDelegate.swift */ = {isa = PBXFileReference; lastKnownFileType = sourcecode.swift; path = SceneDelegate.swift; sourceTree = "<group>"; };
		2481568329BF529000022CF9 /* StudentController.swift */ = {isa = PBXFileReference; lastKnownFileType = sourcecode.swift; path = StudentController.swift; sourceTree = "<group>"; };
		2481568629BF529000022CF9 /* Base */ = {isa = PBXFileReference; lastKnownFileType = file.storyboard; name = Base; path = Base.lproj/Main.storyboard; sourceTree = "<group>"; };
		2481568929BF529000022CF9 /* LearnCodeData.xcdatamodel */ = {isa = PBXFileReference; lastKnownFileType = wrapper.xcdatamodel; path = LearnCodeData.xcdatamodel; sourceTree = "<group>"; };
		2481568B29BF529000022CF9 /* Assets.xcassets */ = {isa = PBXFileReference; lastKnownFileType = folder.assetcatalog; path = Assets.xcassets; sourceTree = "<group>"; };
		2481568E29BF529000022CF9 /* Base */ = {isa = PBXFileReference; lastKnownFileType = file.storyboard; name = Base; path = Base.lproj/LaunchScreen.storyboard; sourceTree = "<group>"; };
		2481569029BF529000022CF9 /* Info.plist */ = {isa = PBXFileReference; lastKnownFileType = text.plist.xml; path = Info.plist; sourceTree = "<group>"; };
		2481569829BF5C5000022CF9 /* AddStudentCV.swift */ = {isa = PBXFileReference; lastKnownFileType = sourcecode.swift; path = AddStudentCV.swift; sourceTree = "<group>"; };
		248156A029BF637900022CF9 /* DBManager.swift */ = {isa = PBXFileReference; lastKnownFileType = sourcecode.swift; path = DBManager.swift; sourceTree = "<group>"; };
		D5A93354411540E7D0FC16CA /* Pods_LearnCodeData.framework */ = {isa = PBXFileReference; explicitFileType = wrapper.framework; includeInIndex = 0; path = Pods_LearnCodeData.framework; sourceTree = BUILT_PRODUCTS_DIR; };
		D9C4A6307B4F3D9ED234AAEA /* Pods-LearnCodeData.release.xcconfig */ = {isa = PBXFileReference; includeInIndex = 1; lastKnownFileType = text.xcconfig; name = "Pods-LearnCodeData.release.xcconfig"; path = "Target Support Files/Pods-LearnCodeData/Pods-LearnCodeData.release.xcconfig"; sourceTree = "<group>"; };
		FBEB1F50065720921BD8A821 /* Pods-LearnCodeData.debug.xcconfig */ = {isa = PBXFileReference; includeInIndex = 1; lastKnownFileType = text.xcconfig; name = "Pods-LearnCodeData.debug.xcconfig"; path = "Target Support Files/Pods-LearnCodeData/Pods-LearnCodeData.debug.xcconfig"; sourceTree = "<group>"; };
/* End PBXFileReference section */

/* Begin PBXFrameworksBuildPhase section */
		2481567929BF529000022CF9 /* Frameworks */ = {
			isa = PBXFrameworksBuildPhase;
			buildActionMask = 2147483647;
			files = (
				6DE9BAF3C03029B9EF0A08DA /* Pods_LearnCodeData.framework in Frameworks */,
			);
			runOnlyForDeploymentPostprocessing = 0;
		};
/* End PBXFrameworksBuildPhase section */

/* Begin PBXGroup section */
		0AB7353A993ABB55FB200353 /* Pods */ = {
			isa = PBXGroup;
			children = (
				FBEB1F50065720921BD8A821 /* Pods-LearnCodeData.debug.xcconfig */,
				D9C4A6307B4F3D9ED234AAEA /* Pods-LearnCodeData.release.xcconfig */,
			);
			path = Pods;
			sourceTree = "<group>";
		};
		242D235029C1FDD900C39805 /* Login */ = {
			isa = PBXGroup;
			children = (
				242D235129C1FDF200C39805 /* LoginViewController.swift */,
			);
			path = Login;
			sourceTree = "<group>";
		};
		242D235329C204C700C39805 /* Models */ = {
			isa = PBXGroup;
			children = (
				242D235429C204D500C39805 /* User.swift */,
			);
			path = Models;
			sourceTree = "<group>";
		};
		24689AD829C5584700672719 /* CoreData */ = {
			isa = PBXGroup;
			children = (
				24689AF329C5643400672719 /* Student+CoreDataProperties.swift */,
				2481568829BF529000022CF9 /* LearnCodeData.xcdatamodeld */,
				24714BAD29C5660900386A6F /* Student+CoreDataClass.swift */,
			);
			path = CoreData;
			sourceTree = "<group>";
		};
		24689AD929C5586D00672719 /* Application */ = {
			isa = PBXGroup;
			children = (
				2481567F29BF529000022CF9 /* AppDelegate.swift */,
				2481568129BF529000022CF9 /* SceneDelegate.swift */,
			);
			path = Application;
			sourceTree = "<group>";
		};
		24689ADA29C558C700672719 /* Student */ = {
			isa = PBXGroup;
			children = (
				2481568329BF529000022CF9 /* StudentController.swift */,
				24714BB029C5699600386A6F /* StudentCell.swift */,
			);
			path = Student;
			sourceTree = "<group>";
		};
		24689ADB29C558E800672719 /* Storyboard */ = {
			isa = PBXGroup;
			children = (
				2481568529BF529000022CF9 /* Main.storyboard */,
				2481568D29BF529000022CF9 /* LaunchScreen.storyboard */,
			);
			path = Storyboard;
			sourceTree = "<group>";
		};
		24689ADC29C5590A00672719 /* AddStudent */ = {
			isa = PBXGroup;
			children = (
				2481569829BF5C5000022CF9 /* AddStudentCV.swift */,
			);
			path = AddStudent;
			sourceTree = "<group>";
		};
		24689ADD29C5591C00672719 /* Data */ = {
			isa = PBXGroup;
			children = (
				24689AD829C5584700672719 /* CoreData */,
				248156A029BF637900022CF9 /* DBManager.swift */,
				242D235629C208B500C39805 /* Keys.swift */,
			);
			path = Data;
			sourceTree = "<group>";
		};
		24689ADE29C5592A00672719 /* UI */ = {
			isa = PBXGroup;
			children = (
				24689AE129C5615800672719 /* Detail */,
				24689ADB29C558E800672719 /* Storyboard */,
				24689ADC29C5590A00672719 /* AddStudent */,
				24689ADA29C558C700672719 /* Student */,
				242D235029C1FDD900C39805 /* Login */,
			);
			path = UI;
			sourceTree = "<group>";
		};
		24689AE129C5615800672719 /* Detail */ = {
			isa = PBXGroup;
			children = (
				24689ADF29C5615200672719 /* DetailController.swift */,
			);
			path = Detail;
			sourceTree = "<group>";
		};
		2481567329BF529000022CF9 = {
			isa = PBXGroup;
			children = (
				2481567E29BF529000022CF9 /* LearnCodeData */,
				2481567D29BF529000022CF9 /* Products */,
				0AB7353A993ABB55FB200353 /* Pods */,
				4347C3B590015AB3AF43462A /* Frameworks */,
			);
			sourceTree = "<group>";
		};
		2481567D29BF529000022CF9 /* Products */ = {
			isa = PBXGroup;
			children = (
				2481567C29BF529000022CF9 /* LearnCodeData.app */,
			);
			name = Products;
			sourceTree = "<group>";
		};
		2481567E29BF529000022CF9 /* LearnCodeData */ = {
			isa = PBXGroup;
			children = (
				24689ADE29C5592A00672719 /* UI */,
				24689ADD29C5591C00672719 /* Data */,
				24689AD929C5586D00672719 /* Application */,
				242D235329C204C700C39805 /* Models */,
				2481568B29BF529000022CF9 /* Assets.xcassets */,
				2481569029BF529000022CF9 /* Info.plist */,
			);
			path = LearnCodeData;
			sourceTree = "<group>";
		};
		4347C3B590015AB3AF43462A /* Frameworks */ = {
			isa = PBXGroup;
			children = (
				D5A93354411540E7D0FC16CA /* Pods_LearnCodeData.framework */,
			);
			name = Frameworks;
			sourceTree = "<group>";
		};
/* End PBXGroup section */

/* Begin PBXNativeTarget section */
		2481567B29BF529000022CF9 /* LearnCodeData */ = {
			isa = PBXNativeTarget;
			buildConfigurationList = 2481569329BF529000022CF9 /* Build configuration list for PBXNativeTarget "LearnCodeData" */;
			buildPhases = (
				5BABABAD0CCD74C2AF5C3E8B /* [CP] Check Pods Manifest.lock */,
				2481567829BF529000022CF9 /* Sources */,
				2481567929BF529000022CF9 /* Frameworks */,
				2481567A29BF529000022CF9 /* Resources */,
			);
			buildRules = (
			);
			dependencies = (
			);
			name = LearnCodeData;
			productName = LearnCodeData;
			productReference = 2481567C29BF529000022CF9 /* LearnCodeData.app */;
			productType = "com.apple.product-type.application";
		};
/* End PBXNativeTarget section */

/* Begin PBXProject section */
		2481567429BF529000022CF9 /* Project object */ = {
			isa = PBXProject;
			attributes = {
				BuildIndependentTargetsInParallel = 1;
				LastSwiftUpdateCheck = 1420;
				LastUpgradeCheck = 1420;
				TargetAttributes = {
					2481567B29BF529000022CF9 = {
						CreatedOnToolsVersion = 14.2;
					};
				};
			};
			buildConfigurationList = 2481567729BF529000022CF9 /* Build configuration list for PBXProject "LearnCodeData" */;
			compatibilityVersion = "Xcode 14.0";
			developmentRegion = en;
			hasScannedForEncodings = 0;
			knownRegions = (
				en,
				Base,
			);
			mainGroup = 2481567329BF529000022CF9;
			productRefGroup = 2481567D29BF529000022CF9 /* Products */;
			projectDirPath = "";
			projectRoot = "";
			targets = (
				2481567B29BF529000022CF9 /* LearnCodeData */,
			);
		};
/* End PBXProject section */

/* Begin PBXResourcesBuildPhase section */
		2481567A29BF529000022CF9 /* Resources */ = {
			isa = PBXResourcesBuildPhase;
			buildActionMask = 2147483647;
			files = (
				2481568F29BF529000022CF9 /* LaunchScreen.storyboard in Resources */,
				2481568C29BF529000022CF9 /* Assets.xcassets in Resources */,
				2481568729BF529000022CF9 /* Main.storyboard in Resources */,
			);
			runOnlyForDeploymentPostprocessing = 0;
		};
/* End PBXResourcesBuildPhase section */

/* Begin PBXShellScriptBuildPhase section */
		5BABABAD0CCD74C2AF5C3E8B /* [CP] Check Pods Manifest.lock */ = {
			isa = PBXShellScriptBuildPhase;
			buildActionMask = 2147483647;
			files = (
			);
			inputFileListPaths = (
			);
			inputPaths = (
				"${PODS_PODFILE_DIR_PATH}/Podfile.lock",
				"${PODS_ROOT}/Manifest.lock",
			);
			name = "[CP] Check Pods Manifest.lock";
			outputFileListPaths = (
			);
			outputPaths = (
				"$(DERIVED_FILE_DIR)/Pods-LearnCodeData-checkManifestLockResult.txt",
			);
			runOnlyForDeploymentPostprocessing = 0;
			shellPath = /bin/sh;
			shellScript = "diff \"${PODS_PODFILE_DIR_PATH}/Podfile.lock\" \"${PODS_ROOT}/Manifest.lock\" > /dev/null\nif [ $? != 0 ] ; then\n    # print error to STDERR\n    echo \"error: The sandbox is not in sync with the Podfile.lock. Run 'pod install' or update your CocoaPods installation.\" >&2\n    exit 1\nfi\n# This output is used by Xcode 'outputs' to avoid re-running this script phase.\necho \"SUCCESS\" > \"${SCRIPT_OUTPUT_FILE_0}\"\n";
			showEnvVarsInLog = 0;
		};
/* End PBXShellScriptBuildPhase section */

/* Begin PBXSourcesBuildPhase section */
		2481567829BF529000022CF9 /* Sources */ = {
			isa = PBXSourcesBuildPhase;
			buildActionMask = 2147483647;
			files = (
				24714BAF29C5675E00386A6F /* User.swift in Sources */,
				24689AEC29C5632C00672719 /* LearnCodeData.xcdatamodeld in Sources */,
				242D235229C1FDF200C39805 /* LoginViewController.swift in Sources */,
				2481568429BF529000022CF9 /* StudentController.swift in Sources */,
				24689AE029C5615200672719 /* DetailController.swift in Sources */,
				24689AF429C5643400672719 /* Student+CoreDataProperties.swift in Sources */,
				24714BB129C5699600386A6F /* StudentCell.swift in Sources */,
				242D235729C208B500C39805 /* Keys.swift in Sources */,
				248156A129BF637900022CF9 /* DBManager.swift in Sources */,
				24714BAE29C5660900386A6F /* Student+CoreDataClass.swift in Sources */,
				2481568029BF529000022CF9 /* AppDelegate.swift in Sources */,
				2481568229BF529000022CF9 /* SceneDelegate.swift in Sources */,
				2481569929BF5C5000022CF9 /* AddStudentCV.swift in Sources */,
			);
			runOnlyForDeploymentPostprocessing = 0;
		};
/* End PBXSourcesBuildPhase section */

/* Begin PBXVariantGroup section */
		2481568529BF529000022CF9 /* Main.storyboard */ = {
			isa = PBXVariantGroup;
			children = (
				2481568629BF529000022CF9 /* Base */,
			);
			name = Main.storyboard;
			sourceTree = "<group>";
		};
		2481568D29BF529000022CF9 /* LaunchScreen.storyboard */ = {
			isa = PBXVariantGroup;
			children = (
				2481568E29BF529000022CF9 /* Base */,
			);
			name = LaunchScreen.storyboard;
			sourceTree = "<group>";
		};
/* End PBXVariantGroup section */

/* Begin XCBuildConfiguration section */
		2481569129BF529000022CF9 /* Debug */ = {
			isa = XCBuildConfiguration;
			buildSettings = {
				ALWAYS_SEARCH_USER_PATHS = NO;
				CLANG_ANALYZER_NONNULL = YES;
				CLANG_ANALYZER_NUMBER_OBJECT_CONVERSION = YES_AGGRESSIVE;
				CLANG_CXX_LANGUAGE_STANDARD = "gnu++20";
				CLANG_ENABLE_MODULES = YES;
				CLANG_ENABLE_OBJC_ARC = YES;
				CLANG_ENABLE_OBJC_WEAK = YES;
				CLANG_WARN_BLOCK_CAPTURE_AUTORELEASING = YES;
				CLANG_WARN_BOOL_CONVERSION = YES;
				CLANG_WARN_COMMA = YES;
				CLANG_WARN_CONSTANT_CONVERSION = YES;
				CLANG_WARN_DEPRECATED_OBJC_IMPLEMENTATIONS = YES;
				CLANG_WARN_DIRECT_OBJC_ISA_USAGE = YES_ERROR;
				CLANG_WARN_DOCUMENTATION_COMMENTS = YES;
				CLANG_WARN_EMPTY_BODY = YES;
				CLANG_WARN_ENUM_CONVERSION = YES;
				CLANG_WARN_INFINITE_RECURSION = YES;
				CLANG_WARN_INT_CONVERSION = YES;
				CLANG_WARN_NON_LITERAL_NULL_CONVERSION = YES;
				CLANG_WARN_OBJC_IMPLICIT_RETAIN_SELF = YES;
				CLANG_WARN_OBJC_LITERAL_CONVERSION = YES;
				CLANG_WARN_OBJC_ROOT_CLASS = YES_ERROR;
				CLANG_WARN_QUOTED_INCLUDE_IN_FRAMEWORK_HEADER = YES;
				CLANG_WARN_RANGE_LOOP_ANALYSIS = YES;
				CLANG_WARN_STRICT_PROTOTYPES = YES;
				CLANG_WARN_SUSPICIOUS_MOVE = YES;
				CLANG_WARN_UNGUARDED_AVAILABILITY = YES_AGGRESSIVE;
				CLANG_WARN_UNREACHABLE_CODE = YES;
				CLANG_WARN__DUPLICATE_METHOD_MATCH = YES;
				COPY_PHASE_STRIP = NO;
				DEBUG_INFORMATION_FORMAT = dwarf;
				ENABLE_STRICT_OBJC_MSGSEND = YES;
				ENABLE_TESTABILITY = YES;
				GCC_C_LANGUAGE_STANDARD = gnu11;
				GCC_DYNAMIC_NO_PIC = NO;
				GCC_NO_COMMON_BLOCKS = YES;
				GCC_OPTIMIZATION_LEVEL = 0;
				GCC_PREPROCESSOR_DEFINITIONS = (
					"DEBUG=1",
					"$(inherited)",
				);
				GCC_WARN_64_TO_32_BIT_CONVERSION = YES;
				GCC_WARN_ABOUT_RETURN_TYPE = YES_ERROR;
				GCC_WARN_UNDECLARED_SELECTOR = YES;
				GCC_WARN_UNINITIALIZED_AUTOS = YES_AGGRESSIVE;
				GCC_WARN_UNUSED_FUNCTION = YES;
				GCC_WARN_UNUSED_VARIABLE = YES;
				IPHONEOS_DEPLOYMENT_TARGET = 16.2;
				MTL_ENABLE_DEBUG_INFO = INCLUDE_SOURCE;
				MTL_FAST_MATH = YES;
				ONLY_ACTIVE_ARCH = YES;
				SDKROOT = iphoneos;
				SWIFT_ACTIVE_COMPILATION_CONDITIONS = DEBUG;
				SWIFT_OPTIMIZATION_LEVEL = "-Onone";
			};
			name = Debug;
		};
		2481569229BF529000022CF9 /* Release */ = {
			isa = XCBuildConfiguration;
			buildSettings = {
				ALWAYS_SEARCH_USER_PATHS = NO;
				CLANG_ANALYZER_NONNULL = YES;
				CLANG_ANALYZER_NUMBER_OBJECT_CONVERSION = YES_AGGRESSIVE;
				CLANG_CXX_LANGUAGE_STANDARD = "gnu++20";
				CLANG_ENABLE_MODULES = YES;
				CLANG_ENABLE_OBJC_ARC = YES;
				CLANG_ENABLE_OBJC_WEAK = YES;
				CLANG_WARN_BLOCK_CAPTURE_AUTORELEASING = YES;
				CLANG_WARN_BOOL_CONVERSION = YES;
				CLANG_WARN_COMMA = YES;
				CLANG_WARN_CONSTANT_CONVERSION = YES;
				CLANG_WARN_DEPRECATED_OBJC_IMPLEMENTATIONS = YES;
				CLANG_WARN_DIRECT_OBJC_ISA_USAGE = YES_ERROR;
				CLANG_WARN_DOCUMENTATION_COMMENTS = YES;
				CLANG_WARN_EMPTY_BODY = YES;
				CLANG_WARN_ENUM_CONVERSION = YES;
				CLANG_WARN_INFINITE_RECURSION = YES;
				CLANG_WARN_INT_CONVERSION = YES;
				CLANG_WARN_NON_LITERAL_NULL_CONVERSION = YES;
				CLANG_WARN_OBJC_IMPLICIT_RETAIN_SELF = YES;
				CLANG_WARN_OBJC_LITERAL_CONVERSION = YES;
				CLANG_WARN_OBJC_ROOT_CLASS = YES_ERROR;
				CLANG_WARN_QUOTED_INCLUDE_IN_FRAMEWORK_HEADER = YES;
				CLANG_WARN_RANGE_LOOP_ANALYSIS = YES;
				CLANG_WARN_STRICT_PROTOTYPES = YES;
				CLANG_WARN_SUSPICIOUS_MOVE = YES;
				CLANG_WARN_UNGUARDED_AVAILABILITY = YES_AGGRESSIVE;
				CLANG_WARN_UNREACHABLE_CODE = YES;
				CLANG_WARN__DUPLICATE_METHOD_MATCH = YES;
				COPY_PHASE_STRIP = NO;
				DEBUG_INFORMATION_FORMAT = "dwarf-with-dsym";
				ENABLE_NS_ASSERTIONS = NO;
				ENABLE_STRICT_OBJC_MSGSEND = YES;
				GCC_C_LANGUAGE_STANDARD = gnu11;
				GCC_NO_COMMON_BLOCKS = YES;
				GCC_WARN_64_TO_32_BIT_CONVERSION = YES;
				GCC_WARN_ABOUT_RETURN_TYPE = YES_ERROR;
				GCC_WARN_UNDECLARED_SELECTOR = YES;
				GCC_WARN_UNINITIALIZED_AUTOS = YES_AGGRESSIVE;
				GCC_WARN_UNUSED_FUNCTION = YES;
				GCC_WARN_UNUSED_VARIABLE = YES;
				IPHONEOS_DEPLOYMENT_TARGET = 16.2;
				MTL_ENABLE_DEBUG_INFO = NO;
				MTL_FAST_MATH = YES;
				SDKROOT = iphoneos;
				SWIFT_COMPILATION_MODE = wholemodule;
				SWIFT_OPTIMIZATION_LEVEL = "-O";
				VALIDATE_PRODUCT = YES;
			};
			name = Release;
		};
		2481569429BF529000022CF9 /* Debug */ = {
			isa = XCBuildConfiguration;
			baseConfigurationReference = FBEB1F50065720921BD8A821 /* Pods-LearnCodeData.debug.xcconfig */;
			buildSettings = {
				ASSETCATALOG_COMPILER_APPICON_NAME = AppIcon;
				ASSETCATALOG_COMPILER_GLOBAL_ACCENT_COLOR_NAME = AccentColor;
				CODE_SIGN_STYLE = Automatic;
				CURRENT_PROJECT_VERSION = 1;
				DEVELOPMENT_TEAM = ZF3NGCURC2;
				GENERATE_INFOPLIST_FILE = YES;
				INFOPLIST_FILE = LearnCodeData/Info.plist;
				INFOPLIST_KEY_UIApplicationSupportsIndirectInputEvents = YES;
				INFOPLIST_KEY_UILaunchStoryboardName = LaunchScreen;
				INFOPLIST_KEY_UIMainStoryboardFile = Main;
				INFOPLIST_KEY_UISupportedInterfaceOrientations = UIInterfaceOrientationPortrait;
				LD_RUNPATH_SEARCH_PATHS = (
					"$(inherited)",
					"@executable_path/Frameworks",
				);
				MARKETING_VERSION = 1.0;
				PRODUCT_BUNDLE_IDENTIFIER = com.hien.LearnCodeData;
				PRODUCT_NAME = "$(TARGET_NAME)";
				SWIFT_EMIT_LOC_STRINGS = YES;
				SWIFT_VERSION = 5.0;
				TARGETED_DEVICE_FAMILY = "1,2";
			};
			name = Debug;
		};
		2481569529BF529000022CF9 /* Release */ = {
			isa = XCBuildConfiguration;
			baseConfigurationReference = D9C4A6307B4F3D9ED234AAEA /* Pods-LearnCodeData.release.xcconfig */;
			buildSettings = {
				ASSETCATALOG_COMPILER_APPICON_NAME = AppIcon;
				ASSETCATALOG_COMPILER_GLOBAL_ACCENT_COLOR_NAME = AccentColor;
				CODE_SIGN_STYLE = Automatic;
				CURRENT_PROJECT_VERSION = 1;
				DEVELOPMENT_TEAM = ZF3NGCURC2;
				GENERATE_INFOPLIST_FILE = YES;
				INFOPLIST_FILE = LearnCodeData/Info.plist;
				INFOPLIST_KEY_UIApplicationSupportsIndirectInputEvents = YES;
				INFOPLIST_KEY_UILaunchStoryboardName = LaunchScreen;
				INFOPLIST_KEY_UIMainStoryboardFile = Main;
				INFOPLIST_KEY_UISupportedInterfaceOrientations = UIInterfaceOrientationPortrait;
				LD_RUNPATH_SEARCH_PATHS = (
					"$(inherited)",
					"@executable_path/Frameworks",
				);
				MARKETING_VERSION = 1.0;
				PRODUCT_BUNDLE_IDENTIFIER = com.hien.LearnCodeData;
				PRODUCT_NAME = "$(TARGET_NAME)";
				SWIFT_EMIT_LOC_STRINGS = YES;
				SWIFT_VERSION = 5.0;
				TARGETED_DEVICE_FAMILY = "1,2";
			};
			name = Release;
		};
/* End XCBuildConfiguration section */

/* Begin XCConfigurationList section */
		2481567729BF529000022CF9 /* Build configuration list for PBXProject "LearnCodeData" */ = {
			isa = XCConfigurationList;
			buildConfigurations = (
				2481569129BF529000022CF9 /* Debug */,
				2481569229BF529000022CF9 /* Release */,
			);
			defaultConfigurationIsVisible = 0;
			defaultConfigurationName = Release;
		};
		2481569329BF529000022CF9 /* Build configuration list for PBXNativeTarget "LearnCodeData" */ = {
			isa = XCConfigurationList;
			buildConfigurations = (
				2481569429BF529000022CF9 /* Debug */,
				2481569529BF529000022CF9 /* Release */,
			);
			defaultConfigurationIsVisible = 0;
			defaultConfigurationName = Release;
		};
/* End XCConfigurationList section */

/* Begin XCVersionGroup section */
		2481568829BF529000022CF9 /* LearnCodeData.xcdatamodeld */ = {
			isa = XCVersionGroup;
			children = (
				2481568929BF529000022CF9 /* LearnCodeData.xcdatamodel */,
			);
			currentVersion = 2481568929BF529000022CF9 /* LearnCodeData.xcdatamodel */;
			path = LearnCodeData.xcdatamodeld;
			sourceTree = "<group>";
			versionGroupType = wrapper.xcdatamodel;
		};
/* End XCVersionGroup section */
	};
	rootObject = 2481567429BF529000022CF9 /* Project object */;
}
